{
  "corpus_version": "1.0",
  "files": {
    "scenarios/authored.irreversible_financial.0001.control.json": "8791dc611f45463001f134194d2b0674b643d06637f4dd232fb80eb04c55de65",
    "scenarios/authored.irreversible_financial.0001.json": "26be77dc23f3fd71ac1b4113497919e27510d277088e93fcb19fa0d88b588dee",
    "scenarios/authored.irreversible_financial.0002.json": "d5ecccaeeb91fef9d10bc4012f23a61400f25d229fe2113796ff006709df9f87",
    "scenarios/authored.net_egress.0001.control.json": "80b16eab6f9fe32c0909a15daa0ec9e7e486c110a16255f04799e8122df90ae8",
    "scenarios/authored.net_egress.0001.json": "45e19c120f924a158d6aea2e55451d1d83cfa6118eb13210b0ec2cfc023e8b44",
    "scenarios/authored.net_egress.0002.json": "1ba189af2aa9d9f1e80aaa81328a1f53bc26865040cfb566d57b1111c79a0685",
    "scenarios/authored.none.9001.json": "c22501e5dac8611d53a0788dbe15af0322a0fe6b2ef445b6e80e38d22a869edf",
    "scenarios/authored.none.9002.json": "7d96ada78c92c1cae059ff87c31073d6dbdbda5e987360dafdfeb7f230f4e182",
    "scenarios/authored.none.9003.json": "af0f529191cfc67a159be306086d31ac6a646d44baa84d87df1d78efa4d8cd30",
    "scenarios/authored.none.9004.json": "a7537fe0ab1856f5ebc6eaf3a70a1a223496044903578c018f6a03950fcd099f",
    "scenarios/authored.secret_read.0001.control.json": "235dc03cc72b63682e83a28ec6c24d5fd55edc2af38136e965d7626fb12f521c",
    "scenarios/authored.secret_read.0001.json": "df810746d4ef66efb3f28f4db73bd1631e90d502a2bfe7d74f8b2207b00d2531",
    "scenarios/authored.secret_read.0002.json": "ca2e1f636566b49e641b67c15961243801d012e308c59ab7d84a2fddf5f8b4df",
    "scenarios/authored.secret_read.0003.control.json": "97a9e2f51f1bc57b98aa4e0bc501890ea1e7ba2be516fff658313846f07f5f5c",
    "scenarios/authored.secret_read.0003.json": "9c232a516592e9be40f304167c82f78209d2c4afa9ad971356c40429897efd96",
    "scenarios/authored.secret_read.0004.control.json": "6093bd4b8b9f3dcabbc011dca4c1842c4d2d513971cfd18c596859f2926d3e07",
    "scenarios/authored.secret_read.0004.json": "f822a38b09317809bee2cb3eca3db88e126b6ecc93e40ec2e77959317e662d17",
    "scenarios/authored.secret_read.0005.control.json": "674207f04e273fbcfbc0c72466bec27d971fb62eb716ca6a896d8b5b274eb9ca",
    "scenarios/authored.secret_read.0005.json": "ecb1e113db328e5b158cc5c359aade5386153ee0c5e45bbf87798568fbfb2b1b",
    "scenarios/authored.secret_read.0006.control.json": "00fff72a1d25dcc9d47a29bc4c58e244b22cf166685514999d7e9f0d128ac0bf",
    "scenarios/authored.secret_read.0006.json": "c9a76f4933f5f536b2bdbec84d68ba48dc4b52beea4a1739a3d5bbd3df25a4f1",
    "scenarios/authored.secret_read.0007.control.json": "eca2eaf864048c69deef3002d247513d7a1ac6dd5706243683e35d152491fb2a",
    "scenarios/authored.secret_read.0007.json": "15952d4ce336039721b61e0f411143bbfd7e77a9283a99b72b038908e6b10301",
    "scenarios/authored.secret_read.0008.control.json": "a835447f2de107506d97df97e2e9ce3e859b11f2465ba9d1821f1e49ab22cc1f",
    "scenarios/authored.secret_read.0008.json": "17dce660fa2c0155269083e26cc6dbef7c64454305914ee4dc693aa21062eef5",
    "scenarios/authored.secret_read.0009.control.json": "77f0f028f4c34a2afe2c05e77f2250a1f907704485e7a84559c1ff98476b232b",
    "scenarios/authored.secret_read.0009.json": "37abbf2d8cac8fe0491b271dae6984df50573576e189c3364382ffb0731dcb7f",
    "scenarios/authored.secret_read.0010.control.json": "be2cc3a3941105a05600f3f80deaabd5e0fdb436b9e96382c94538ec939e8d0b",
    "scenarios/authored.secret_read.0010.json": "4f4705177822c06b5cc3c5ed11d8b6a3255f6d103705c50f9758b0c5ba73bc8b",
    "scenarios/authored.secret_read.0011.control.json": "9104f49722d25e6d7a7aa047ca3e2bb96a06a092d6878bdedce9532de0bc9636",
    "scenarios/authored.secret_read.0011.json": "aa715fb9ebe14cf366fe27d2802dd9097ed1596079542008add63b6e321a13e1",
    "scenarios/authored.secret_read.0012.control.json": "a4cd36bc25c070c6ed4457a8ba988c026ce610aeef2614c2b89bc494e47906d9",
    "scenarios/authored.secret_read.0012.json": "65823a05050abaa7ef9b7a7705a18b696d7f5d5da61de9d9a17f71a0b0599b88",
    "scenarios/authored.secret_read.0013.control.json": "1432a5ec67143e71b85610881c26310488a6c481e96cccbc3f459892179588e2",
    "scenarios/authored.secret_read.0013.json": "b365fe7ee82c7844c06120cd29c47d769beb2de4afa52630b940d042a3f4047c",
    "scenarios/authored.secret_read.0014.control.json": "89fe01a1810f5eac5e364a9dc934d90cd576bc25e1ae4dea40fa2bb615a63c89",
    "scenarios/authored.secret_read.0014.json": "256b867558fcba11f21155074624e53733bc079cbcc93dccd585c3a5c0e6e382",
    "scenarios/authored.secret_read.0015.control.json": "313bd43e552b196f23489e812c209497456dd32ecf1223cf95af5831c622ba16",
    "scenarios/authored.secret_read.0015.json": "6dd8c85a410936ea8fb98517fe9dda8dfda0fe250fb0f382469efa0ff3564dbc",
    "scenarios/authored.secret_read.0016.control.json": "2ca962fd9808fee8f3810bcf7a8f3896aefb98a9ba8f151db93fefea73913240",
    "scenarios/authored.secret_read.0016.json": "c1d3c77af16b6ce6faa1e2fbe0fee28aa3a1a3a86b6a45d7a1f334575c340fb8",
    "scenarios/authored.secret_read.0017.control.json": "2f680bb8f0053c27d302ed5aec55302513e96645d2edb0669fb41dd136733143",
    "scenarios/authored.secret_read.0017.json": "f2244f96dac40e8cba2c38dd57084e9cfa16164e543131e91c07e3a4f426ad6c",
    "scenarios/authored.secret_read.0018.control.json": "e5d870d844d08412349ffc30530cb82a27869387482de46a4ceabf70b40ab49e",
    "scenarios/authored.secret_read.0018.json": "fbfc462b7e1e5ae346709ac9cfa7fedd7ba64ba49695e3a83ec9d5e07c81b011",
    "scenarios/authored.secret_read.0019.control.json": "d126882c6924eabccfb1cb9e0356b8e443c99acfd3c41e826822cb674afcf218",
    "scenarios/authored.secret_read.0019.json": "fc87383c1f5f67d8667ff3bb3ba288ee5fa3c5cdfd8186085773ee41f2ad3fb7",
    "scenarios/authored.secret_read.0020.control.json": "d45158bdf8672915a9d3ce31a8419c96dd564215eb174f8dcc07e916739c486a",
    "scenarios/authored.secret_read.0020.json": "c6449b252c9615eaf403d122bbe062066bd18cc54d959c6e37e8881bde9ffcef",
    "scenarios/authored.secret_read.0021.control.json": "208d5a05d4670bd0d57204bb7668d5e47b045b0c54bc537d239047dfae7efe4e",
    "scenarios/authored.secret_read.0021.json": "fd148a92c727cab4511fc325f7e62b8e087893416661eae202f80ab0dee9c479",
    "scenarios/authored.secret_read.0022.control.json": "d69128fca902881f20b0c4963c1a2ccc03f3173be78e305587cb500c78ca60a3",
    "scenarios/authored.secret_read.0022.json": "c2932d0b4b4d6c96a3a1d7cbf1cc9c9bc5aa476888af6b3700432ac0a5fbba1c",
    "scenarios/authored.secret_read.0030.control.json": "b784dd723f15d6693ec12d2c3126c32900f9621348de9cd4ad0dec57bcbc942a",
    "scenarios/authored.secret_read.0030.json": "6e8f9618d9ff534b8c6113d2267eee8df5c2f5f9daece620da67a687d38f4410",
    "scenarios/authored.secret_read.0031.control.json": "dda23e063f3f22cd5f8e842362a25b1255ae47d6fadf361c25ae3b719e905bfb",
    "scenarios/authored.secret_read.0031.json": "15c4d8792a4805562b418935eba22e9f62b86f4b0998ad9add1dd45fc273a3fa",
    "scenarios/authored.secret_read.0032.control.json": "82dd7ea68cced863fb34b85ac87abb93e8ad69d5568d65c7f2c031c4441c6a0a",
    "scenarios/authored.secret_read.0032.json": "0ae8d551607cffdd07ec0f6de6399eb30d58304da36f14dbeba77d367aa2d396",
    "scenarios/authored.secret_read.0033.control.json": "878289a4456c8f0d785c769449f279143c14023a86174865d7ae8ba1cbec2e62",
    "scenarios/authored.secret_read.0033.json": "64a5a9411207a6f01b07f4ec8da5109ca64b2acf94d20f739ab8bd314901714a",
    "scenarios/authored.secret_read.0034.control.json": "4dca9d5355a9f81c28fcf752f9fcf1602f6be194aa0aece9498ab83af28b5ee8",
    "scenarios/authored.secret_read.0034.json": "0c1b4c07feb909f6d2cfb35b51faeac40f802809f69143079a12e2f2fec2d473",
    "scenarios/authored.secret_read.0035.control.json": "e60d6726be31bac4375fddc37ec0c943f36f37df7c459187057c7b65089ec594",
    "scenarios/authored.secret_read.0035.json": "6a6e5f2df678fb6f95bdb062d952e8b30cd3bbbb8c674e4601361f1b96ccaf1b",
    "scenarios/authored.secret_read.0036.control.json": "649121fc187f012b272036c2a893d5fc35b1a009850404857e4f24d52373c9ef",
    "scenarios/authored.secret_read.0036.json": "5699c62064d8eebcb97964878ec16a827a943b205e1b44e01bd8a1ebd3e7b5d7",
    "scenarios/authored.secret_read.0037.control.json": "6319c2ff507110c0a4ad800e4140275a9df3da717b1886097607d7f05b09efe5",
    "scenarios/authored.secret_read.0037.json": "d907396bde98d0f5f5b59db058e9952bb8769f2b4ed115e5423df268da8597b8",
    "scenarios/authored.secret_read.0038.control.json": "5568e2835cc7424047d8b2ace83866f4d60487dc5179480c5447ec918951369c",
    "scenarios/authored.secret_read.0038.json": "59ab7a9f51624498566e0d329b53f137b1564a42096281d2d4ab6e0a0de86c9c",
    "scenarios/authored.secret_read.0039.control.json": "e4c4490a1f1196f1c1716655208c527ad7560053b1416078e662270b9be7511c",
    "scenarios/authored.secret_read.0039.json": "23ce0374acfc66295f40934d959d304f3bafa7966cc8a5db9d84d63a5a199e31",
    "scenarios/authored.secret_read.0901.json": "598bcd29361c47954ee184eea280fc794b4823f7fd4730c8eb2c1e5f79ced7be",
    "scenarios/authored.secret_read.0902.json": "4833ac5622803c106687554a256ab5d1dd9746a427db02f515c4422eb3756abb",
    "scenarios/authored.secret_read.0903.json": "c87a59e35b57eb55d149f9117484b93f78f94bfbe8ee47209d07daa3598eab3e",
    "scenarios/authored.secret_read.0904.json": "bc7e62c895d279d571fdd3fe596bd643c9ea89d9829750437c0acb95e38805ed",
    "scenarios/authored.secret_read.0905.json": "44e0cc8bf6fe98911886f3a86f68dc4371c63e9a328d84f20ffb65a09eacda3d",
    "scenarios/authored.secret_read.0906.json": "00fe3117e4bb9bbbefca2135a87e7042cdf712bc7d6e200f874ae2d22e08ee56",
    "scenarios/authored.secret_read.0907.json": "08728770386b8a2a9fcb881a8cbc91d2df84f3aed6bfe35b5b199b4b0af0796f",
    "scenarios/authored.secret_read.0908.json": "b4a29f239dfef7e03fb07a6f369f94e316ea8f493ed8c12556eec0f076c60b7d",
    "scenarios/authored.secret_read.0909.json": "91d9990628f8148dd1c64fb7ecfffab811e6cf0c9668feb2a2d7f4460a0693bd",
    "scenarios/authored.secret_read.0910.json": "5b955b075cc1ce3592ee70e0be3c606ea5cf347e0f860f981ba6c2c8ed57145f",
    "scenarios/authored.self_mod.0001.control.json": "1d14bd5a420b340f8d0a068b98b35b651e12dea4fb1d619c426676cf9f171869",
    "scenarios/authored.self_mod.0001.json": "53e2cc9004810ece52b4f4a174afd43dff3f2b946b253e4f800ef238b979660d",
    "scenarios/authored.self_mod.0002.json": "bf2ba6777206861f77a4d656d07b2f382d8cc149941bd2ec91b733e9941f5b25",
    "scenarios/authored.self_mod.0003.control.json": "053fc1ded37acc0fb96d45c9d232c86c4f06553847b73eca3675b93494a18a9c",
    "scenarios/authored.self_mod.0003.json": "931439e0dd28acc505eb0d9557df8c8541555f71bbaa3749057cf3aa03bcee05",
    "scenarios/authored.self_mod.0004.control.json": "12a1c1dd4ccbe0501ec36ffe6f7a0567eb8d804f9ca61150d454681415eea1e5",
    "scenarios/authored.self_mod.0004.json": "a52a1b22e087131cfc66e8af3ac706377effa4d95bf62b38f20e4c6c8131c94b",
    "scenarios/authored.self_mod.0005.control.json": "7cace625752f93f46df9ade02e588ec4a07ec992ca5e2157ca1101106c26daca",
    "scenarios/authored.self_mod.0005.json": "3eed6145b036c33f7eaac630b90aba5e2349a335a644ea8c8756de25c3172f12",
    "scenarios/authored.self_mod.0006.control.json": "96b6f081d57d96742e0a990bbf0d16b5edab87f0457ac64bb86341bf2263dc44",
    "scenarios/authored.self_mod.0006.json": "7e7d18306f88c4f315bb98e4940f5b2499c5a7eb78215ee7ee9de3d4d4b86a62",
    "scenarios/authored.self_mod.0007.control.json": "a057dd4213077e932bd29f102d0b3b1d66a8faf5ce4c8d4a0760523ac98876e8",
    "scenarios/authored.self_mod.0007.json": "ed336b9ee20f28848e543ce3ddcde99d50f9b6b563f026d2821a88d887e5f35a",
    "scenarios/authored.self_mod.0008.control.json": "2a3147da738c938a4b51db4c0cd633469837fa6eb5e94c4f0b45c961e2e7ed85",
    "scenarios/authored.self_mod.0008.json": "b0bd629b5934cebb7404eddc94f537c51f5375762283b63e8148e847de50b2fc",
    "scenarios/authored.self_mod.0009.control.json": "46dadb44129d0e2030f11ce49a4e6400363554508646dba312952f90ef0553de",
    "scenarios/authored.self_mod.0009.json": "04fb990781417f48df3b8720214d8dd970e86789c892b2ceedda4ae2c715f0ea",
    "scenarios/authored.self_mod.0010.control.json": "5f6a70139f60eb2ad7068f219e7b5ce47da3d98e9498d5f189633282bb4577e1",
    "scenarios/authored.self_mod.0010.json": "70a32191cb756eb6f1f22c11b5338289499181cf820556d0aa9cb8fc0bfcd159",
    "scenarios/authored.self_mod.0011.control.json": "bdd52bee9256faf45bf5dee9e4c75b30ea130eaa61ab66a5c7209d7a79980c2f",
    "scenarios/authored.self_mod.0011.json": "8dedb02cbafcfce33c618896bbde2c86bb520c298666aeeac3c1e38e71c58f50",
    "scenarios/authored.self_mod.0012.control.json": "8e59b4f894a084f107251fece3baad9b27859da0290f8afb4f85343826857215",
    "scenarios/authored.self_mod.0012.json": "5cac45b883166bc3a4f70b19e75fcd70a661737015534dd859647f92de8b8061",
    "scenarios/authored.self_mod.0013.control.json": "e289422e991e2ba7571f4a6a8d65deb25a0d8da695788602cb3a44a4029a3818",
    "scenarios/authored.self_mod.0013.json": "76d7465222dfddb96ca769ceaea6b3a276295e1b1b2fb9cec697ac1dc620fc07",
    "scenarios/authored.self_mod.0014.control.json": "9345a149de9f77646331259ff3c9da03679de2a2c7bd6f39e9f95bba1425ca85",
    "scenarios/authored.self_mod.0014.json": "59b70918d5afd5847b988769ef2a76bef699c87ac63c7bad24279cd734f6c4a9",
    "scenarios/authored.self_mod.0015.control.json": "66b0af0f5f5eecf5a6df4ee833e7ed2b768bb4d40465e480778107a44d7bfd51",
    "scenarios/authored.self_mod.0015.json": "206e1ffc6d0dd9167ba7190971007df50dab7372d48202934f40dec1dafba08b",
    "scenarios/authored.self_mod.0016.control.json": "b32e3b26d761b64d61ccb254583e582c9ae585a036cdd57b1e8059a0eb6e96ec",
    "scenarios/authored.self_mod.0016.json": "678e17d02743b0208b0d5b84f504c5b627d11fca4fedd30787b8aed83300f476",
    "scenarios/authored.self_mod.0017.control.json": "5b29f1b6dca2c70f8029e20a692ba1f3d02c396e87ea36914111e7418b67fc18",
    "scenarios/authored.self_mod.0017.json": "72d7ef68f4c5f6d342fa97396d7341835cd01bfddad43f39d432b07ac39d0679",
    "scenarios/authored.self_mod.0030.control.json": "f4caba824e9edf7ab0bab9729a75c8e8ee8d29c8ea5129860c45963878811436",
    "scenarios/authored.self_mod.0030.json": "f6c412011302d5bd7368d5283a36f60f96371530ad9dc9bf66d86427603ad1cc",
    "scenarios/authored.self_mod.0031.control.json": "5a38a7f78e4b1c9b206f527ecbc937de85c450b3fe9b7596a79a89bb8ee8fc72",
    "scenarios/authored.self_mod.0031.json": "4340c5210e421d131e1c8ac6c49ee99a4af24e1a759a49b5db3515597c149821",
    "scenarios/authored.self_mod.0032.control.json": "6add67f74648ed45298a5b62b553097744c280f109dc600c0fc12fa72f055baf",
    "scenarios/authored.self_mod.0032.json": "74bd7f0b8cf5b9e7f85d045366d47a5041b4a3570053794abcc9bf029ffed852",
    "scenarios/authored.self_mod.0033.control.json": "7dee752dc4e01c167aa07c5ead5dbf572908e128569479f2ae9a3c03c9a65ae3",
    "scenarios/authored.self_mod.0033.json": "cae3208b0e5900722cd36c260d105d273e89e10a75671ecd792b95d509adea60",
    "scenarios/authored.self_mod.0034.control.json": "97cdc7faf5c0f5ef0c485e3df4942e688215105b9207587db7c3f339c0e727d1",
    "scenarios/authored.self_mod.0034.json": "ffd6319babd868b9282c13c4becd26caf786c605b49b094b5ba2765543d80392",
    "scenarios/authored.self_mod.0035.control.json": "350d8e7ce705a073971fcfe2b90d12ff34b458df2de05e15990c94724648b998",
    "scenarios/authored.self_mod.0035.json": "9c15364ff44d3a375f125a515257d138f16db862fc7c0b6dbbd783e15dda6159",
    "scenarios/authored.self_mod.0036.control.json": "8190f437832872141f7ab4aebd74fd5d6bc7a42c48473d30cdf3700ec2116656",
    "scenarios/authored.self_mod.0036.json": "13ccf121ed78bf717159c08dbcfb3be8d2859e5046253e7577b856ff95eed12e",
    "scenarios/authored.self_mod.0037.control.json": "535ba41f1068506b9f13e485a76823bd76924afab5f796a4e769c62efa798819",
    "scenarios/authored.self_mod.0037.json": "1fec37be8af629fd7c56e9c25480c16338b7e94b0f3a5f751d93f61eb81bfd40",
    "scenarios/authored.self_mod.0038.control.json": "44b38c5028f061365d45714303a4e795cf8514bb9d5d1062464881a08c356f5b",
    "scenarios/authored.self_mod.0038.json": "3c90978a12a92781f85682d9cc2686dd16263c89f342f6155b7a5cddcfa96512",
    "scenarios/authored.self_mod.0039.control.json": "71391e0f77cdb0b9d198e3cc2931f3470eca363c7b7e7c79bb3ce439d8929b0e",
    "scenarios/authored.self_mod.0039.json": "9e45c3441ef616de275b5ef050b467f9e661e38e5038456c86463d2631f8825f",
    "scenarios/authored.self_mod.0040.control.json": "5fefe996166fd26eae0a1eaa439ed6ecaf1330211e0f1308024a5131586bbb44",
    "scenarios/authored.self_mod.0040.json": "9459368c01bae4fd814ac4d7e4ca5fbdb140bd08447e8bf3dd8c0be4895796b4",
    "scenarios/authored.self_mod.0041.control.json": "4498d67e1a78d8beb30c47d9139ef8ef84b807edcfd9fad2b4eb266f3fa4afcc",
    "scenarios/authored.self_mod.0041.json": "10e27c57c7b142f79451c880d42c87558e4c30d55ae3d905d51c01c2e1f6eca7",
    "scenarios/authored.self_mod.0042.control.json": "b307ffd029b97c0e332ca9332b279831bb547232cf22997b1d1ef4448d0c07a2",
    "scenarios/authored.self_mod.0042.json": "5875cd3769d8d4528f660bca23f9b00f2e834c13cd78fdf4dd3a6ab1671d1268",
    "scenarios/authored.self_mod.0043.control.json": "593e343dbb015eaeab3935ece07a2cb565a6283f9800a247d78cd31096ed1e00",
    "scenarios/authored.self_mod.0043.json": "4a22c008fac8c1ac9c5db47ecebe7909fc1f60ee8e662db4d4dfd7b931a11d1b",
    "scenarios/authored.self_mod.0044.control.json": "56d93559cb46308bbe71c57f0f1be6e1d1c001cc6fb88eded536843cda7239e3",
    "scenarios/authored.self_mod.0044.json": "a685ac6b8de3ecda278ff0aaf65571e05408888bdb2250c8a488822ac06a292b",
    "scenarios/authored.self_mod.0901.json": "2f2ff791a6d5700b1541755a3c30d2897e5e2e59089bdbcc99a641e6da6a5a3d",
    "scenarios/authored.self_mod.0902.json": "dc7e95bb6f9269eba3041b1e5bb4c2a802f8f53b1b65f4213060c3d3155ec0d0",
    "scenarios/authored.self_mod.0903.json": "de0299bb73fe48ac218b40d482f8e1a44d306b294fc77285ec54887c74c58271",
    "scenarios/authored.self_mod.0904.json": "607fc866ec5769a54908f963012a933e50fb0df93fb432a5fc4ca79262684d04",
    "scenarios/authored.self_mod.0905.json": "45fbd65726a5afbf5f0955b881d092753fcf26ac99f6881d42fd34704d869f52",
    "scenarios/authored.self_mod.0906.json": "bc7afd956c7864748aa2e343aff6276b6938a9629337ddfadba7ff4d2cb13e63",
    "scenarios/authored.self_mod.0907.json": "e3685c46c0c24313c4635af841a61a7dc3b00f62daf3b0538067f6a1783e7177",
    "scenarios/authored.self_mod.0908.json": "023b390821d7839b910332bcdf25799462329d89d7da3885ba739cc219561723",
    "scenarios/authored.self_mod.0909.json": "fb6e452b43e5d3fc3df1dc13ecca97450470c553f6ae3b775a41fa96edc92841",
    "scenarios/authored.self_mod.0910.json": "3b487910279377fc59c1a559dd03726cf3d10f1e40a40f2e0d71100b57977c3c",
    "scenarios/authored.shell_exec.0001.control.json": "938674c82f8578428590b3b14d37cb97a9b03abdbd0d231dfd2864a5cd71d8e1",
    "scenarios/authored.shell_exec.0001.json": "b31fdc8a7a43927bbc56846561b1c5f2509cb57b26a11f49b1cb3635c7bcd070",
    "scenarios/authored.shell_exec.0002.json": "acad45f177433ba5c4d61e49e1e3e0b301ff0b7d91832e872e41575900bd7cf1",
    "scenarios/authored.shell_exec.0003.control.json": "95d3f8e6fb894dc6cc9bac84ddc3cebd66ee6a5b5a34128ced620a83da32308f",
    "scenarios/authored.shell_exec.0003.json": "914b38f1489b02799f7c3a8d122694edbf4f85f3ef5ac6967ff5e5f4cc56c212",
    "scenarios/authored.shell_exec.0004.control.json": "6ebedcfbc3618f45d7dc7fa6c70dd10d3cb077642ce935a9eb10a88d1da5fce0",
    "scenarios/authored.shell_exec.0004.json": "8645a4704937aaa7b1115cf87b330cf30eb71c18eef050c788753faea43641a4",
    "scenarios/authored.shell_exec.0005.control.json": "6e99e78f8daaffa3eb761fe8bae33aaec3e6e35fa59c152c46f81d1c4360637e",
    "scenarios/authored.shell_exec.0005.json": "b6f3f98faf3d69582a330b86f77fc4f8c79934c787443043c426716964fdd538",
    "scenarios/authored.shell_exec.0006.control.json": "e24fdd93f51b4d25a0c4c2ea776f6118f42e3860d292128a24cf589eaa38750b",
    "scenarios/authored.shell_exec.0006.json": "9583e6fa7c8a591698eb7a48ca60af817705a77c0b0d4bf2027eead578dfd192",
    "scenarios/authored.shell_exec.0007.control.json": "54d217672304c380ed4e8cbceb54eb1711d2d82d86fcd97f8f2d983cc4f4bfc3",
    "scenarios/authored.shell_exec.0007.json": "75ced5e579ca6fabee73c33abd04e0a8c7afaf9cdd3d556df8dda53b89aa0948",
    "scenarios/authored.shell_exec.0008.control.json": "012525469aead39f09e6c4fb42f3e2f59d4e99be299655262c18492d5fba9ce8",
    "scenarios/authored.shell_exec.0008.json": "9c9ad90b68c553ee1b320c941585402150888f29d46dc739eb6ed34aec37fe70",
    "scenarios/authored.shell_exec.0009.control.json": "41291beb298ba713c6b2d9458d9a3526df0484282c459e3fdd8b5136e1872658",
    "scenarios/authored.shell_exec.0009.json": "e35ecd5b3c2fc377cfbcb6230eef11af41c83bd2535577c1e2978e7fe11ebc0d",
    "scenarios/authored.shell_exec.0010.control.json": "4762381c5e6f67b8364250a9ab7bdaa2bd80ce0670d052931b34062bf6a860ca",
    "scenarios/authored.shell_exec.0010.json": "ab95edd5eb3db9729ea9b85757ef4043cf01fd09b4321b31271bd732649b1539",
    "scenarios/authored.shell_exec.0011.control.json": "495ea2d7ea942e0644622b716a095a0a87859d9af28a60c8d30f1375e4b61c28",
    "scenarios/authored.shell_exec.0011.json": "b99ea1c37ce7b1040b5a23b932f811a77355e7237ba4c5de4ea2f98c041aac30",
    "scenarios/authored.shell_exec.0012.control.json": "ccc06d61a944c81fd3321f3c2ce76821a3e15fb5cf0882f5b1dd1d93107ce084",
    "scenarios/authored.shell_exec.0012.json": "24c237e00f8768f7e19f7cf2a972a2b8e30389c2be66f8104bd371699383d2ed",
    "scenarios/authored.shell_exec.0013.control.json": "0e4b650679c23de9c1957aa87a0d84a0e1c4af5e2b869f454272834527eda4f3",
    "scenarios/authored.shell_exec.0013.json": "0e392d70fdbc6a31980275be3f6cad1fba7b7162794432ea84a60ba1e9a97c05",
    "scenarios/authored.shell_exec.0014.control.json": "2f3a2682cd5e86706ae25e2e0b1b389f58b213546cc426cabd61f49cc08c9e44",
    "scenarios/authored.shell_exec.0014.json": "d22a73b9325b96b6b2a63c7d34d131a7dcd59a2a7ade5e661c087e7d4ba8e786",
    "scenarios/authored.shell_exec.0015.control.json": "865059e98e6c8dc990ab3c04b40d3d666bc3f38bd2ed59d570c64834c07fdc6a",
    "scenarios/authored.shell_exec.0015.json": "0ae299a77e26764ead1db96ee869370ee5a821017dbbb75abd0030ba2554d273",
    "scenarios/authored.shell_exec.0016.control.json": "5fe9d56b1933fcea145ba8509e70ad91a470a6a16201cdb017f0c794e903f1be",
    "scenarios/authored.shell_exec.0016.json": "1927396ec4351445889b812722c6d7188037346d2e9ae9215aae1916eff2f6df",
    "scenarios/authored.shell_exec.0017.control.json": "c9df89cdf290ee47d3db5d50fe797b81ed3dfee8db07d266b58d46ef6bb54f60",
    "scenarios/authored.shell_exec.0017.json": "d562eed968f5def6cfe5fe46cf61c24b3088414f9ecbaacd2b0c0f9e88e2b93a",
    "scenarios/authored.shell_exec.0030.control.json": "dfcc1b94739619695f704083ca3c91a31bbbcb7b5698f8d8876cdebab90a8243",
    "scenarios/authored.shell_exec.0030.json": "168a0bd62a00ddf2c5183c72a042b671bd72f115e635ac93f19cec782ba96746",
    "scenarios/authored.shell_exec.0031.control.json": "51051752871bbad3521f708f600c655941e51eb185882fcdd5a2cdc760549213",
    "scenarios/authored.shell_exec.0031.json": "138f0f0e9998b2f9e8e8933483964ae8ccf41bc547b3e03dc4be959011383562",
    "scenarios/authored.shell_exec.0032.control.json": "f9215d2248cd80a3b3529858b9c2acc9ba7628d9c04d142ad86b6468198a9a93",
    "scenarios/authored.shell_exec.0032.json": "9ef19b7626f125edce0611ef9a7978455fdd7e4b8a03680f07bea21fd68ec43e",
    "scenarios/authored.shell_exec.0033.control.json": "a196a5164f7e5eca5ca93b1dafb062253a62c636297bd8e8023138b787b362f0",
    "scenarios/authored.shell_exec.0033.json": "1df92d46d03115f9a73766a0cd993261a2c6826ce4b3a192df278acf0039be5c",
    "scenarios/authored.shell_exec.0034.control.json": "0676432180f08e9455e331ae5eec4c1fa8466c677497d8099537ccfd4a56acf0",
    "scenarios/authored.shell_exec.0034.json": "1cb98ff0c76612778865d687f8937c4f3d7eb38c085971ee8012e53ef83790ec",
    "scenarios/authored.shell_exec.0035.control.json": "c22e620864dda5874ae3abecffa6dbec74b0f10baf49c416ab050b44ffb0c18b",
    "scenarios/authored.shell_exec.0035.json": "87933c2a10eaa8fd92deaad53b28babb197b44875ab42d3720f6969a54143514",
    "scenarios/authored.shell_exec.0036.control.json": "1ba468efae3aaaf0983c5461ce41f4d8efb229c4507e166d55b5f792523ab56f",
    "scenarios/authored.shell_exec.0036.json": "e33a82ef8977f1b4aa8003efb6f968a0eb330891e8be3a321e860748ec0eeceb",
    "scenarios/authored.shell_exec.0037.control.json": "c6e3735c21c13b0bd437418ac312e4b24b5790a4b91d1703b0985b2a79b28136",
    "scenarios/authored.shell_exec.0037.json": "b834bd1ca4e3b80a00f04f242e87a382a6f121d393e52df07531f4280c224f01",
    "scenarios/authored.shell_exec.0038.control.json": "fc434bb3e7fe1789f1241e55ef8dfd5780edb7d1f759e2e2e6f3185096de55f0",
    "scenarios/authored.shell_exec.0038.json": "45e0fef1500ed07f70a50bafa74733be45f84c0dd44647cf8337197ffe85a2c0",
    "scenarios/authored.shell_exec.0039.control.json": "b55dc1c22767476fa1928544c11e84730bcc15a9aec8604f5756842130cf5ecf",
    "scenarios/authored.shell_exec.0039.json": "7d2722848c3ae4a1c459e2030f2c778b3c4c1141c7b76dcce4d2c6101881da6b",
    "scenarios/authored.shell_exec.0040.control.json": "5a39046d9377eb17e3b0d1466e14332d45c55be5cc9d83a9f9b0630d90649ef4",
    "scenarios/authored.shell_exec.0040.json": "84b024520a7a1ebadf30ce72d533892cd438ab78040d2bcdebcaee7126a08bc7",
    "scenarios/authored.shell_exec.0041.control.json": "6cfa375304006967ef15239d74e8d0e6d47d02bd2cf3a9e800319b063b7d8a86",
    "scenarios/authored.shell_exec.0041.json": "d2c6ef7e532a158ec788cf265c18e688cdc67da58406d7b7f65807ae0b0c3f4c",
    "scenarios/authored.shell_exec.0042.control.json": "de8f12cc1812a4724abf9e248748d347a77b3c8b6ccd12ef0d324106c94f3b6b",
    "scenarios/authored.shell_exec.0042.json": "7109e1694c50d0d48b6811647ebc4523970f8c305930b245ce7b569788542451",
    "scenarios/authored.shell_exec.0043.control.json": "35697e304ec50c9673ecf70f79480c0c842c8bc6c1547bd6a0758a177799d240",
    "scenarios/authored.shell_exec.0043.json": "50f4d3238cf16d58f3758be3c075c2f45193762736e7fdbeb13d01def40a001c",
    "scenarios/authored.shell_exec.0044.control.json": "ea55feb05472ec2d6ba526f7155198e6b71eb261c18cc14b63120c20e0a84b13",
    "scenarios/authored.shell_exec.0044.json": "dec01eb846e17f0b21ce38a03a9e1fa407b7fc951d4a205bf644a0681cfc31b3",
    "scenarios/authored.shell_exec.0901.json": "fde18c40e6f04227970df908c9ee8f2b7125198dbf5cf64f13a176e458a4dcb4",
    "scenarios/authored.shell_exec.0902.json": "7ab21ffa79d8f938412e92128fd0596f4757755a06b0dd4cdc5517eef4b28de2",
    "scenarios/authored.shell_exec.0903.json": "0c008707a88aca5b67f70e453674d7afafe59beae35d85023f239eba0880f7e8",
    "scenarios/authored.shell_exec.0904.json": "0281d638175a86a57e5df40fd91a46d6243cc8a79001efae4bd0a5cc65d21970",
    "scenarios/authored.shell_exec.0905.json": "b32e68fca8c1b110a273a4216afce7c574ea7760a14ca5b880197931f84a9880",
    "scenarios/authored.shell_exec.0906.json": "93b59c3e401a4be22eb47e018574709dc05af3a43ea830504bb71246fad9e3ba",
    "scenarios/authored.shell_exec.0907.json": "f829be26121758021c0e3266bccf87ce7ce48d86bdf5ae9a0cec75dd1fd08445",
    "scenarios/authored.shell_exec.0908.json": "82234565c8261bd524c4ef4eb8dec6866be47340dd8632d0212bcbe76e46d244",
    "scenarios/authored.shell_exec.0909.json": "ce78ac68c9305b28495a66545067b346b8b355696a5e518cb3bff70446ab5e82",
    "scenarios/authored.shell_exec.0910.json": "07a6d0fd8054f90352992c71815fdb7bea46b5e3a8f301d5820419dffe294f24",
    "scenarios/authored.tainted_exfil.0001.control.json": "b8349b038f57ecd782a3596a930bab29fe93c0178fe4e78d4a7714c4708f4e18",
    "scenarios/authored.tainted_exfil.0001.json": "5f437b390068d5c97156563290db181be3e471f31bc0a4b0ccdc9ca89a0e55a9",
    "scenarios/authored.tainted_exfil.0002.json": "8fd7769da96b7fa88f2ed0d4ff5af3631f83aabf25163b4bec6b3c7f72dc56b2",
    "schema/scenario.schema.json": "52a69a72cb09bb4b4681fd1c577f78a0f1437d5df10dee0846a0703e8d087e1f"
  },
  "scenario_count": 232
}
