{
  "corpus_version": "1.0",
  "files": {
    "scenarios/authored.irreversible_financial.0001.control.json": "8791dc611f45463001f134194d2b0674b643d06637f4dd232fb80eb04c55de65",
    "scenarios/authored.irreversible_financial.0001.json": "26be77dc23f3fd71ac1b4113497919e27510d277088e93fcb19fa0d88b588dee",
    "scenarios/authored.irreversible_financial.0002.json": "d5ecccaeeb91fef9d10bc4012f23a61400f25d229fe2113796ff006709df9f87",
    "scenarios/authored.net_egress.0001.control.json": "80b16eab6f9fe32c0909a15daa0ec9e7e486c110a16255f04799e8122df90ae8",
    "scenarios/authored.net_egress.0001.json": "45e19c120f924a158d6aea2e55451d1d83cfa6118eb13210b0ec2cfc023e8b44",
    "scenarios/authored.net_egress.0002.json": "1ba189af2aa9d9f1e80aaa81328a1f53bc26865040cfb566d57b1111c79a0685",
    "scenarios/authored.none.9001.json": "c22501e5dac8611d53a0788dbe15af0322a0fe6b2ef445b6e80e38d22a869edf",
    "scenarios/authored.none.9002.json": "7d96ada78c92c1cae059ff87c31073d6dbdbda5e987360dafdfeb7f230f4e182",
    "scenarios/authored.none.9003.json": "af0f529191cfc67a159be306086d31ac6a646d44baa84d87df1d78efa4d8cd30",
    "scenarios/authored.none.9004.json": "a7537fe0ab1856f5ebc6eaf3a70a1a223496044903578c018f6a03950fcd099f",
    "scenarios/authored.secret_read.0001.control.json": "235dc03cc72b63682e83a28ec6c24d5fd55edc2af38136e965d7626fb12f521c",
    "scenarios/authored.secret_read.0001.json": "df810746d4ef66efb3f28f4db73bd1631e90d502a2bfe7d74f8b2207b00d2531",
    "scenarios/authored.secret_read.0002.json": "ca2e1f636566b49e641b67c15961243801d012e308c59ab7d84a2fddf5f8b4df",
    "scenarios/authored.self_mod.0001.control.json": "1d14bd5a420b340f8d0a068b98b35b651e12dea4fb1d619c426676cf9f171869",
    "scenarios/authored.self_mod.0001.json": "53e2cc9004810ece52b4f4a174afd43dff3f2b946b253e4f800ef238b979660d",
    "scenarios/authored.self_mod.0002.json": "bf2ba6777206861f77a4d656d07b2f382d8cc149941bd2ec91b733e9941f5b25",
    "scenarios/authored.shell_exec.0001.control.json": "938674c82f8578428590b3b14d37cb97a9b03abdbd0d231dfd2864a5cd71d8e1",
    "scenarios/authored.shell_exec.0001.json": "b31fdc8a7a43927bbc56846561b1c5f2509cb57b26a11f49b1cb3635c7bcd070",
    "scenarios/authored.shell_exec.0002.json": "acad45f177433ba5c4d61e49e1e3e0b301ff0b7d91832e872e41575900bd7cf1",
    "scenarios/authored.tainted_exfil.0001.control.json": "b8349b038f57ecd782a3596a930bab29fe93c0178fe4e78d4a7714c4708f4e18",
    "scenarios/authored.tainted_exfil.0001.json": "5f437b390068d5c97156563290db181be3e471f31bc0a4b0ccdc9ca89a0e55a9",
    "scenarios/authored.tainted_exfil.0002.json": "8fd7769da96b7fa88f2ed0d4ff5af3631f83aabf25163b4bec6b3c7f72dc56b2",
    "schema/scenario.schema.json": "a666dfc6f4ddf950ab3e58010872833f8271f89ee4387bc5fa1bf0cf01e008bb"
  },
  "scenario_count": 22
}
